
Microsoft Visual Studio Solution File, Format Version 12.00
# Visual Studio Version 16
VisualStudioVersion = 16.0.29318.209
MinimumVisualStudioVersion = 10.0.40219.1
Project("{FAE04EC0-301F-11D3-BF4B-00C04F79EFBC}") = "Scout2", "Scout2\Scout2.csproj", "{4D322F4B-5866-4FE0-BA7D-2888650A2E0C}"
EndProject
Project("{9A19103F-16F7-4668-BE54-9A1E7A4F7556}") = "Scout.Tests", "XUnitTestScout2\Scout.Tests.csproj", "{1471A9AF-DDD0-4FBD-AF7A-3B27BCFD7A07}"
EndProject
Global
	GlobalSection(SolutionConfigurationPlatforms) = preSolution
		Debug|Any CPU = Debug|Any CPU
		Release|Any CPU = Release|Any CPU
	EndGlobalSection
	GlobalSection(ProjectConfigurationPlatforms) = postSolution
		{4D322F4B-5866-4FE0-BA7D-2888650A2E0C}.Debug|Any CPU.ActiveCfg = Debug|Any CPU
		{4D322F4B-5866-4FE0-BA7D-2888650A2E0C}.Debug|Any CPU.Build.0 = Debug|Any CPU
		{4D322F4B-5866-4FE0-BA7D-2888650A2E0C}.Release|Any CPU.ActiveCfg = Release|Any CPU
		{4D322F4B-5866-4FE0-BA7D-2888650A2E0C}.Release|Any CPU.Build.0 = Release|Any CPU
		{1471A9AF-DDD0-4FBD-AF7A-3B27BCFD7A07}.Debug|Any CPU.ActiveCfg = Debug|Any CPU
		{1471A9AF-DDD0-4FBD-AF7A-3B27BCFD7A07}.Debug|Any CPU.Build.0 = Debug|Any CPU
		{1471A9AF-DDD0-4FBD-AF7A-3B27BCFD7A07}.Release|Any CPU.ActiveCfg = Release|Any CPU
		{1471A9AF-DDD0-4FBD-AF7A-3B27BCFD7A07}.Release|Any CPU.Build.0 = Release|Any CPU
	EndGlobalSection
	GlobalSection(SolutionProperties) = preSolution
		HideSolutionNode = FALSE
	EndGlobalSection
	GlobalSection(ExtensibilityGlobals) = postSolution
		SolutionGuid = {4AC18878-FFD0-42DF-9E0F-DA8E16F1B190}
	EndGlobalSection
EndGlobal
